
Microsoft Visual Studio Solution File, Format Version 12.00
# Visual Studio Version 17
VisualStudioVersion = 17.7.34018.315
MinimumVisualStudioVersion = 10.0.40219.1
Project("{FAE04EC0-301F-11D3-BF4B-00C04F79EFBC}") = "uppgift 3.2", "uppgift 3.2\uppgift 3.2.csproj", "{FDEE3BB6-C368-4284-A42B-922DDB636776}"
EndProject
Global
	GlobalSection(SolutionConfigurationPlatforms) = preSolution
		Debug|Any CPU = Debug|Any CPU
		Release|Any CPU = Release|Any CPU
	EndGlobalSection
	GlobalSection(ProjectConfigurationPlatforms) = postSolution
		{FDEE3BB6-C368-4284-A42B-922DDB636776}.Debug|Any CPU.ActiveCfg = Debug|Any CPU
		{FDEE3BB6-C368-4284-A42B-922DDB636776}.Debug|Any CPU.Build.0 = Debug|Any CPU
		{FDEE3BB6-C368-4284-A42B-922DDB636776}.Release|Any CPU.ActiveCfg = Release|Any CPU
		{FDEE3BB6-C368-4284-A42B-922DDB636776}.Release|Any CPU.Build.0 = Release|Any CPU
	EndGlobalSection
	GlobalSection(SolutionProperties) = preSolution
		HideSolutionNode = FALSE
	EndGlobalSection
	GlobalSection(ExtensibilityGlobals) = postSolution
		SolutionGuid = {82737845-B408-42CC-A19B-A01597813B93}
	EndGlobalSection
EndGlobal
